
Microsoft Visual Studio Solution File, Format Version 12.00
# Visual Studio Version 16
VisualStudioVersion = 16.0.29123.88
MinimumVisualStudioVersion = 10.0.40219.1
Project("{9A19103F-16F7-4668-BE54-9A1E7A4F7556}") = "asp-net-core-belarus", "asp.net-core-belarus\asp-net-core-belarus.csproj", "{16150895-8CBE-4AC5-88DF-1837E4E77A22}"
EndProject
Project("{9A19103F-16F7-4668-BE54-9A1E7A4F7556}") = "UnitTests", "UnitTests\UnitTests.csproj", "{005021AF-CE0B-44AD-A777-F48CF8D81A43}"
EndProject
Project("{9A19103F-16F7-4668-BE54-9A1E7A4F7556}") = "ConsoleClient", "ConsoleClient\ConsoleClient.csproj", "{14393C86-AF3D-45B6-A784-5E50F1F53BF8}"
EndProject
Project("{FAE04EC0-301F-11D3-BF4B-00C04F79EFBC}") = "WebClient", "WebClient\WebClient.csproj", "{92250199-DCE7-4024-973C-B9AA69B32D40}"
EndProject
Global
	GlobalSection(SolutionConfigurationPlatforms) = preSolution
		Debug|Any CPU = Debug|Any CPU
		Release|Any CPU = Release|Any CPU
	EndGlobalSection
	GlobalSection(ProjectConfigurationPlatforms) = postSolution
		{16150895-8CBE-4AC5-88DF-1837E4E77A22}.Debug|Any CPU.ActiveCfg = Debug|Any CPU
		{16150895-8CBE-4AC5-88DF-1837E4E77A22}.Debug|Any CPU.Build.0 = Debug|Any CPU
		{16150895-8CBE-4AC5-88DF-1837E4E77A22}.Release|Any CPU.ActiveCfg = Release|Any CPU
		{16150895-8CBE-4AC5-88DF-1837E4E77A22}.Release|Any CPU.Build.0 = Release|Any CPU
		{005021AF-CE0B-44AD-A777-F48CF8D81A43}.Debug|Any CPU.ActiveCfg = Debug|Any CPU
		{005021AF-CE0B-44AD-A777-F48CF8D81A43}.Debug|Any CPU.Build.0 = Debug|Any CPU
		{005021AF-CE0B-44AD-A777-F48CF8D81A43}.Release|Any CPU.ActiveCfg = Release|Any CPU
		{005021AF-CE0B-44AD-A777-F48CF8D81A43}.Release|Any CPU.Build.0 = Release|Any CPU
		{14393C86-AF3D-45B6-A784-5E50F1F53BF8}.Debug|Any CPU.ActiveCfg = Debug|Any CPU
		{14393C86-AF3D-45B6-A784-5E50F1F53BF8}.Debug|Any CPU.Build.0 = Debug|Any CPU
		{14393C86-AF3D-45B6-A784-5E50F1F53BF8}.Release|Any CPU.ActiveCfg = Release|Any CPU
		{14393C86-AF3D-45B6-A784-5E50F1F53BF8}.Release|Any CPU.Build.0 = Release|Any CPU
		{92250199-DCE7-4024-973C-B9AA69B32D40}.Debug|Any CPU.ActiveCfg = Debug|Any CPU
		{92250199-DCE7-4024-973C-B9AA69B32D40}.Debug|Any CPU.Build.0 = Debug|Any CPU
		{92250199-DCE7-4024-973C-B9AA69B32D40}.Release|Any CPU.ActiveCfg = Release|Any CPU
		{92250199-DCE7-4024-973C-B9AA69B32D40}.Release|Any CPU.Build.0 = Release|Any CPU
	EndGlobalSection
	GlobalSection(SolutionProperties) = preSolution
		HideSolutionNode = FALSE
	EndGlobalSection
	GlobalSection(ExtensibilityGlobals) = postSolution
		SolutionGuid = {1D73880F-C6F0-4404-B1B9-593C53C81665}
	EndGlobalSection
EndGlobal
